
Microsoft Visual Studio Solution File, Format Version 12.00
# Visual Studio Version 16
VisualStudioVersion = 16.0.31105.61
MinimumVisualStudioVersion = 10.0.40219.1
Project("{FAE04EC0-301F-11D3-BF4B-00C04F79EFBC}") = "WirenetApp", "WirenetApp.csproj", "{F39646A7-0276-4372-B625-69B65EEB6CB2}"
EndProject
Global
	GlobalSection(SolutionConfigurationPlatforms) = preSolution
		Debug|Any CPU = Debug|Any CPU
		Release|Any CPU = Release|Any CPU
	EndGlobalSection
	GlobalSection(ProjectConfigurationPlatforms) = postSolution
		{F39646A7-0276-4372-B625-69B65EEB6CB2}.Debug|Any CPU.ActiveCfg = Debug|Any CPU
		{F39646A7-0276-4372-B625-69B65EEB6CB2}.Debug|Any CPU.Build.0 = Debug|Any CPU
		{F39646A7-0276-4372-B625-69B65EEB6CB2}.Release|Any CPU.ActiveCfg = Release|Any CPU
		{F39646A7-0276-4372-B625-69B65EEB6CB2}.Release|Any CPU.Build.0 = Release|Any CPU
	EndGlobalSection
	GlobalSection(SolutionProperties) = preSolution
		HideSolutionNode = FALSE
	EndGlobalSection
	GlobalSection(ExtensibilityGlobals) = postSolution
		SolutionGuid = {50283509-0C8B-4804-AFC1-30BD8C1B1538}
	EndGlobalSection
EndGlobal
